Microsoft Visual Studio Solution File, Format Version 12.00
# Visual Studio Version 17
VisualStudioVersion = 17.12.35527.113
MinimumVisualStudioVersion = 10.0.40219.1
Project("{FAE04EC0-301F-11D3-BF4B-00C04F79EFBC}") = "MaintenancePrediction.AppHost", "MaintenancePrediction.AppHost\MaintenancePrediction.AppHost.csproj", "{73ACAF22-4935-4DB0-891C-8F02BD7215F5}"
EndProject
Project("{FAE04EC0-301F-11D3-BF4B-00C04F79EFBC}") = "MaintenancePrediction.ServiceDefaults", "MaintenancePrediction.ServiceDefaults\MaintenancePrediction.ServiceDefaults.csproj", "{7D782122-9C8B-438F-92A4-2EF5E3BE94F9}"
EndProject
Project("{FAE04EC0-301F-11D3-BF4B-00C04F79EFBC}") = "MaintenancePrediction.ApiService", "MaintenancePrediction.ApiService\MaintenancePrediction.ApiService.csproj", "{C242518D-0453-4DA0-A89B-73077A9078DB}"
EndProject
Project("{FAE04EC0-301F-11D3-BF4B-00C04F79EFBC}") = "MaintenancePrediction.Tests", "MaintenancePrediction.Tests\MaintenancePrediction.Tests.csproj", "{AB292E7F-7350-4F7D-A5AA-515F7AB81AC8}"
EndProject
Project("{FAE04EC0-301F-11D3-BF4B-00C04F79EFBC}") = "MaintenancePrediction.Web", "MaintenancePrediction.Web\MaintenancePrediction.Web.csproj", "{E71A41C2-0E02-4853-BC8B-A75A86C9A104}"
EndProject
Global
	GlobalSection(SolutionConfigurationPlatforms) = preSolution
		Debug|Any CPU = Debug|Any CPU
		Release|Any CPU = Release|Any CPU
	EndGlobalSection
	GlobalSection(ProjectConfigurationPlatforms) = postSolution
		{73ACAF22-4935-4DB0-891C-8F02BD7215F5}.Debug|Any CPU.ActiveCfg = Debug|Any CPU
		{73ACAF22-4935-4DB0-891C-8F02BD7215F5}.Debug|Any CPU.Build.0 = Debug|Any CPU
		{73ACAF22-4935-4DB0-891C-8F02BD7215F5}.Release|Any CPU.ActiveCfg = Release|Any CPU
		{73ACAF22-4935-4DB0-891C-8F02BD7215F5}.Release|Any CPU.Build.0 = Release|Any CPU
		{7D782122-9C8B-438F-92A4-2EF5E3BE94F9}.Debug|Any CPU.ActiveCfg = Debug|Any CPU
		{7D782122-9C8B-438F-92A4-2EF5E3BE94F9}.Debug|Any CPU.Build.0 = Debug|Any CPU
		{7D782122-9C8B-438F-92A4-2EF5E3BE94F9}.Release|Any CPU.ActiveCfg = Release|Any CPU
		{7D782122-9C8B-438F-92A4-2EF5E3BE94F9}.Release|Any CPU.Build.0 = Release|Any CPU
		{C242518D-0453-4DA0-A89B-73077A9078DB}.Debug|Any CPU.ActiveCfg = Debug|Any CPU
		{C242518D-0453-4DA0-A89B-73077A9078DB}.Debug|Any CPU.Build.0 = Debug|Any CPU
		{C242518D-0453-4DA0-A89B-73077A9078DB}.Release|Any CPU.ActiveCfg = Release|Any CPU
		{C242518D-0453-4DA0-A89B-73077A9078DB}.Release|Any CPU.Build.0 = Release|Any CPU
		{AB292E7F-7350-4F7D-A5AA-515F7AB81AC8}.Debug|Any CPU.ActiveCfg = Debug|Any CPU
		{AB292E7F-7350-4F7D-A5AA-515F7AB81AC8}.Debug|Any CPU.Build.0 = Debug|Any CPU
		{AB292E7F-7350-4F7D-A5AA-515F7AB81AC8}.Release|Any CPU.ActiveCfg = Release|Any CPU
		{AB292E7F-7350-4F7D-A5AA-515F7AB81AC8}.Release|Any CPU.Build.0 = Release|Any CPU
		{E71A41C2-0E02-4853-BC8B-A75A86C9A104}.Debug|Any CPU.ActiveCfg = Debug|Any CPU
		{E71A41C2-0E02-4853-BC8B-A75A86C9A104}.Debug|Any CPU.Build.0 = Debug|Any CPU
		{E71A41C2-0E02-4853-BC8B-A75A86C9A104}.Release|Any CPU.ActiveCfg = Release|Any CPU
		{E71A41C2-0E02-4853-BC8B-A75A86C9A104}.Release|Any CPU.Build.0 = Release|Any CPU
	EndGlobalSection
	GlobalSection(SolutionProperties) = preSolution
		HideSolutionNode = FALSE
	EndGlobalSection
EndGlobal
